
Microsoft Visual Studio Solution File, Format Version 12.00
# Visual Studio 2013
VisualStudioVersion = 12.0.30324.0
MinimumVisualStudioVersion = 10.0.40219.1
Project("{FAE04EC0-301F-11D3-BF4B-00C04F79EFBC}") = "028", "ConsoleApplication1\028.csproj", "{EE1E3723-F4D4-4AD2-A757-FF97D636D955}"
EndProject
Project("{FAE04EC0-301F-11D3-BF4B-00C04F79EFBC}") = "027", "ConsoleApplication2\027.csproj", "{C7467608-6A42-4591-A9C1-B247A58779FB}"
EndProject
Project("{FAE04EC0-301F-11D3-BF4B-00C04F79EFBC}") = "029", "29\029.csproj", "{775E98B9-2363-41C5-AC15-6AD4DF1251F7}"
EndProject
Project("{FAE04EC0-301F-11D3-BF4B-00C04F79EFBC}") = "030", "030\030.csproj", "{19E1BF0E-70E1-4DA4-8AFE-36E0512F9133}"
EndProject
Project("{FAE04EC0-301F-11D3-BF4B-00C04F79EFBC}") = "031", "031\031.csproj", "{10173251-32E5-4F92-A4BF-A63FB2C54C67}"
EndProject
Project("{FAE04EC0-301F-11D3-BF4B-00C04F79EFBC}") = "032", "032\032.csproj", "{B70369DA-878E-4E2F-A59D-65E09C03C052}"
EndProject
Project("{FAE04EC0-301F-11D3-BF4B-00C04F79EFBC}") = "Ordered Combination with rep", "Test\Ordered Combination with rep.csproj", "{361AD54F-263E-4B30-A3DA-1A493264651F}"
EndProject
Project("{FAE04EC0-301F-11D3-BF4B-00C04F79EFBC}") = "Test xxx", "Test2\Test xxx.csproj", "{FEAD835D-606C-43EE-A914-ED6B35BC6168}"
EndProject
Project("{FAE04EC0-301F-11D3-BF4B-00C04F79EFBC}") = "038", "038\038.csproj", "{A213A197-0C5B-4089-819F-013ED3B8E325}"
EndProject
Project("{FAE04EC0-301F-11D3-BF4B-00C04F79EFBC}") = "041", "041\041.csproj", "{AD2FCADE-9AB7-4432-BAF2-7DB7EB744B77}"
EndProject
Project("{FAE04EC0-301F-11D3-BF4B-00C04F79EFBC}") = "049", "049\049.csproj", "{6905C81F-FDD4-45E9-89DD-3CE801F4CC80}"
EndProject
Project("{FAE04EC0-301F-11D3-BF4B-00C04F79EFBC}") = "033", "033\033.csproj", "{EFC1BEF0-E063-48B8-A864-789B30B3EBB3}"
EndProject
Project("{FAE04EC0-301F-11D3-BF4B-00C04F79EFBC}") = "034", "034\034.csproj", "{038B36CB-4F52-4184-99EF-1F53C4E4DD28}"
EndProject
Project("{FAE04EC0-301F-11D3-BF4B-00C04F79EFBC}") = "035", "035\035.csproj", "{A79FD7C8-20E4-4492-AE3D-2A400AB36B8E}"
EndProject
Project("{FAE04EC0-301F-11D3-BF4B-00C04F79EFBC}") = "036", "036\036.csproj", "{416E0B96-3E84-4A35-BC78-5FD18A03392F}"
EndProject
Project("{FAE04EC0-301F-11D3-BF4B-00C04F79EFBC}") = "037", "037\037.csproj", "{FE1C222D-3B8D-47F6-850F-CE806F5DA214}"
EndProject
Project("{FAE04EC0-301F-11D3-BF4B-00C04F79EFBC}") = "039", "039\039.csproj", "{2D0244DE-99D1-4CE8-9BA5-58AF07FD2016}"
EndProject
Project("{FAE04EC0-301F-11D3-BF4B-00C04F79EFBC}") = "Time", "Time\Time.csproj", "{5E4177D7-808B-427F-B1F0-A6FCE49AB29B}"
EndProject
Project("{FAE04EC0-301F-11D3-BF4B-00C04F79EFBC}") = "040", "040\040.csproj", "{F318E24C-E752-4823-8E78-0BC4B21F1A8A}"
EndProject
Project("{FAE04EC0-301F-11D3-BF4B-00C04F79EFBC}") = "042", "042\042.csproj", "{14A66093-3BD0-4F8F-9F18-6372ACB4EB3B}"
EndProject
Project("{FAE04EC0-301F-11D3-BF4B-00C04F79EFBC}") = "043", "043\043.csproj", "{3091703C-DABC-40C6-AA86-3D35ABEF683B}"
EndProject
Project("{FAE04EC0-301F-11D3-BF4B-00C04F79EFBC}") = "Ordered Combination without rep", "Ordered Combination without rep\Ordered Combination without rep.csproj", "{E4024727-7BEF-46B6-976C-AFF7000F67E5}"
EndProject
Project("{FAE04EC0-301F-11D3-BF4B-00C04F79EFBC}") = "455", "455\455.csproj", "{31BDDF25-765A-4A4A-AC89-41ACAEA2CDA0}"
EndProject
Project("{FAE04EC0-301F-11D3-BF4B-00C04F79EFBC}") = "044", "044\044.csproj", "{D55FC12E-D159-4760-9B1D-6765CDD7B11C}"
EndProject
Project("{FAE04EC0-301F-11D3-BF4B-00C04F79EFBC}") = "045", "045\045.csproj", "{A609A26C-7A45-4B0F-9214-762EE1B53D27}"
EndProject
Project("{FAE04EC0-301F-11D3-BF4B-00C04F79EFBC}") = "046", "046\046.csproj", "{010BCF53-A294-4DF1-969C-22068D0E2337}"
EndProject
Project("{FAE04EC0-301F-11D3-BF4B-00C04F79EFBC}") = "047", "047\047.csproj", "{78638C27-3C0F-4662-88D4-8E6A052734F0}"
EndProject
Project("{FAE04EC0-301F-11D3-BF4B-00C04F79EFBC}") = "048", "048\048.csproj", "{0D3723AE-3F94-4322-89A4-AA285FD7DA45}"
EndProject
Project("{FAE04EC0-301F-11D3-BF4B-00C04F79EFBC}") = "050", "050\050.csproj", "{571E768A-6724-4C93-BEFC-9A0B68AA1D62}"
EndProject
Global
	GlobalSection(SolutionConfigurationPlatforms) = preSolution
		Debug|Any CPU = Debug|Any CPU
		Release|Any CPU = Release|Any CPU
	EndGlobalSection
	GlobalSection(ProjectConfigurationPlatforms) = postSolution
		{EE1E3723-F4D4-4AD2-A757-FF97D636D955}.Debug|Any CPU.ActiveCfg = Debug|Any CPU
		{EE1E3723-F4D4-4AD2-A757-FF97D636D955}.Debug|Any CPU.Build.0 = Debug|Any CPU
		{EE1E3723-F4D4-4AD2-A757-FF97D636D955}.Release|Any CPU.ActiveCfg = Release|Any CPU
		{EE1E3723-F4D4-4AD2-A757-FF97D636D955}.Release|Any CPU.Build.0 = Release|Any CPU
		{C7467608-6A42-4591-A9C1-B247A58779FB}.Debug|Any CPU.ActiveCfg = Debug|Any CPU
		{C7467608-6A42-4591-A9C1-B247A58779FB}.Debug|Any CPU.Build.0 = Debug|Any CPU
		{C7467608-6A42-4591-A9C1-B247A58779FB}.Release|Any CPU.ActiveCfg = Release|Any CPU
		{C7467608-6A42-4591-A9C1-B247A58779FB}.Release|Any CPU.Build.0 = Release|Any CPU
		{775E98B9-2363-41C5-AC15-6AD4DF1251F7}.Debug|Any CPU.ActiveCfg = Debug|Any CPU
		{775E98B9-2363-41C5-AC15-6AD4DF1251F7}.Debug|Any CPU.Build.0 = Debug|Any CPU
		{775E98B9-2363-41C5-AC15-6AD4DF1251F7}.Release|Any CPU.ActiveCfg = Release|Any CPU
		{775E98B9-2363-41C5-AC15-6AD4DF1251F7}.Release|Any CPU.Build.0 = Release|Any CPU
		{19E1BF0E-70E1-4DA4-8AFE-36E0512F9133}.Debug|Any CPU.ActiveCfg = Debug|Any CPU
		{19E1BF0E-70E1-4DA4-8AFE-36E0512F9133}.Debug|Any CPU.Build.0 = Debug|Any CPU
		{19E1BF0E-70E1-4DA4-8AFE-36E0512F9133}.Release|Any CPU.ActiveCfg = Release|Any CPU
		{19E1BF0E-70E1-4DA4-8AFE-36E0512F9133}.Release|Any CPU.Build.0 = Release|Any CPU
		{10173251-32E5-4F92-A4BF-A63FB2C54C67}.Debug|Any CPU.ActiveCfg = Debug|Any CPU
		{10173251-32E5-4F92-A4BF-A63FB2C54C67}.Debug|Any CPU.Build.0 = Debug|Any CPU
		{10173251-32E5-4F92-A4BF-A63FB2C54C67}.Release|Any CPU.ActiveCfg = Release|Any CPU
		{10173251-32E5-4F92-A4BF-A63FB2C54C67}.Release|Any CPU.Build.0 = Release|Any CPU
		{B70369DA-878E-4E2F-A59D-65E09C03C052}.Debug|Any CPU.ActiveCfg = Debug|Any CPU
		{B70369DA-878E-4E2F-A59D-65E09C03C052}.Debug|Any CPU.Build.0 = Debug|Any CPU
		{B70369DA-878E-4E2F-A59D-65E09C03C052}.Release|Any CPU.ActiveCfg = Release|Any CPU
		{B70369DA-878E-4E2F-A59D-65E09C03C052}.Release|Any CPU.Build.0 = Release|Any CPU
		{361AD54F-263E-4B30-A3DA-1A493264651F}.Debug|Any CPU.ActiveCfg = Debug|Any CPU
		{361AD54F-263E-4B30-A3DA-1A493264651F}.Debug|Any CPU.Build.0 = Debug|Any CPU
		{361AD54F-263E-4B30-A3DA-1A493264651F}.Release|Any CPU.ActiveCfg = Release|Any CPU
		{361AD54F-263E-4B30-A3DA-1A493264651F}.Release|Any CPU.Build.0 = Release|Any CPU
		{FEAD835D-606C-43EE-A914-ED6B35BC6168}.Debug|Any CPU.ActiveCfg = Debug|Any CPU
		{FEAD835D-606C-43EE-A914-ED6B35BC6168}.Debug|Any CPU.Build.0 = Debug|Any CPU
		{FEAD835D-606C-43EE-A914-ED6B35BC6168}.Release|Any CPU.ActiveCfg = Release|Any CPU
		{FEAD835D-606C-43EE-A914-ED6B35BC6168}.Release|Any CPU.Build.0 = Release|Any CPU
		{A213A197-0C5B-4089-819F-013ED3B8E325}.Debug|Any CPU.ActiveCfg = Debug|Any CPU
		{A213A197-0C5B-4089-819F-013ED3B8E325}.Debug|Any CPU.Build.0 = Debug|Any CPU
		{A213A197-0C5B-4089-819F-013ED3B8E325}.Release|Any CPU.ActiveCfg = Release|Any CPU
		{A213A197-0C5B-4089-819F-013ED3B8E325}.Release|Any CPU.Build.0 = Release|Any CPU
		{AD2FCADE-9AB7-4432-BAF2-7DB7EB744B77}.Debug|Any CPU.ActiveCfg = Debug|Any CPU
		{AD2FCADE-9AB7-4432-BAF2-7DB7EB744B77}.Debug|Any CPU.Build.0 = Debug|Any CPU
		{AD2FCADE-9AB7-4432-BAF2-7DB7EB744B77}.Release|Any CPU.ActiveCfg = Release|Any CPU
		{AD2FCADE-9AB7-4432-BAF2-7DB7EB744B77}.Release|Any CPU.Build.0 = Release|Any CPU
		{6905C81F-FDD4-45E9-89DD-3CE801F4CC80}.Debug|Any CPU.ActiveCfg = Debug|Any CPU
		{6905C81F-FDD4-45E9-89DD-3CE801F4CC80}.Debug|Any CPU.Build.0 = Debug|Any CPU
		{6905C81F-FDD4-45E9-89DD-3CE801F4CC80}.Release|Any CPU.ActiveCfg = Release|Any CPU
		{6905C81F-FDD4-45E9-89DD-3CE801F4CC80}.Release|Any CPU.Build.0 = Release|Any CPU
		{EFC1BEF0-E063-48B8-A864-789B30B3EBB3}.Debug|Any CPU.ActiveCfg = Debug|Any CPU
		{EFC1BEF0-E063-48B8-A864-789B30B3EBB3}.Debug|Any CPU.Build.0 = Debug|Any CPU
		{EFC1BEF0-E063-48B8-A864-789B30B3EBB3}.Release|Any CPU.ActiveCfg = Release|Any CPU
		{EFC1BEF0-E063-48B8-A864-789B30B3EBB3}.Release|Any CPU.Build.0 = Release|Any CPU
		{038B36CB-4F52-4184-99EF-1F53C4E4DD28}.Debug|Any CPU.ActiveCfg = Debug|Any CPU
		{038B36CB-4F52-4184-99EF-1F53C4E4DD28}.Debug|Any CPU.Build.0 = Debug|Any CPU
		{038B36CB-4F52-4184-99EF-1F53C4E4DD28}.Release|Any CPU.ActiveCfg = Release|Any CPU
		{038B36CB-4F52-4184-99EF-1F53C4E4DD28}.Release|Any CPU.Build.0 = Release|Any CPU
		{A79FD7C8-20E4-4492-AE3D-2A400AB36B8E}.Debug|Any CPU.ActiveCfg = Debug|Any CPU
		{A79FD7C8-20E4-4492-AE3D-2A400AB36B8E}.Debug|Any CPU.Build.0 = Debug|Any CPU
		{A79FD7C8-20E4-4492-AE3D-2A400AB36B8E}.Release|Any CPU.ActiveCfg = Release|Any CPU
		{A79FD7C8-20E4-4492-AE3D-2A400AB36B8E}.Release|Any CPU.Build.0 = Release|Any CPU
		{416E0B96-3E84-4A35-BC78-5FD18A03392F}.Debug|Any CPU.ActiveCfg = Debug|Any CPU
		{416E0B96-3E84-4A35-BC78-5FD18A03392F}.Debug|Any CPU.Build.0 = Debug|Any CPU
		{416E0B96-3E84-4A35-BC78-5FD18A03392F}.Release|Any CPU.ActiveCfg = Release|Any CPU
		{416E0B96-3E84-4A35-BC78-5FD18A03392F}.Release|Any CPU.Build.0 = Release|Any CPU
		{FE1C222D-3B8D-47F6-850F-CE806F5DA214}.Debug|Any CPU.ActiveCfg = Debug|Any CPU
		{FE1C222D-3B8D-47F6-850F-CE806F5DA214}.Debug|Any CPU.Build.0 = Debug|Any CPU
		{FE1C222D-3B8D-47F6-850F-CE806F5DA214}.Release|Any CPU.ActiveCfg = Release|Any CPU
		{FE1C222D-3B8D-47F6-850F-CE806F5DA214}.Release|Any CPU.Build.0 = Release|Any CPU
		{2D0244DE-99D1-4CE8-9BA5-58AF07FD2016}.Debug|Any CPU.ActiveCfg = Debug|Any CPU
		{2D0244DE-99D1-4CE8-9BA5-58AF07FD2016}.Debug|Any CPU.Build.0 = Debug|Any CPU
		{2D0244DE-99D1-4CE8-9BA5-58AF07FD2016}.Release|Any CPU.ActiveCfg = Release|Any CPU
		{2D0244DE-99D1-4CE8-9BA5-58AF07FD2016}.Release|Any CPU.Build.0 = Release|Any CPU
		{5E4177D7-808B-427F-B1F0-A6FCE49AB29B}.Debug|Any CPU.ActiveCfg = Debug|Any CPU
		{5E4177D7-808B-427F-B1F0-A6FCE49AB29B}.Debug|Any CPU.Build.0 = Debug|Any CPU
		{5E4177D7-808B-427F-B1F0-A6FCE49AB29B}.Release|Any CPU.ActiveCfg = Release|Any CPU
		{5E4177D7-808B-427F-B1F0-A6FCE49AB29B}.Release|Any CPU.Build.0 = Release|Any CPU
		{F318E24C-E752-4823-8E78-0BC4B21F1A8A}.Debug|Any CPU.ActiveCfg = Debug|Any CPU
		{F318E24C-E752-4823-8E78-0BC4B21F1A8A}.Debug|Any CPU.Build.0 = Debug|Any CPU
		{F318E24C-E752-4823-8E78-0BC4B21F1A8A}.Release|Any CPU.ActiveCfg = Release|Any CPU
		{F318E24C-E752-4823-8E78-0BC4B21F1A8A}.Release|Any CPU.Build.0 = Release|Any CPU
		{14A66093-3BD0-4F8F-9F18-6372ACB4EB3B}.Debug|Any CPU.ActiveCfg = Debug|Any CPU
		{14A66093-3BD0-4F8F-9F18-6372ACB4EB3B}.Debug|Any CPU.Build.0 = Debug|Any CPU
		{14A66093-3BD0-4F8F-9F18-6372ACB4EB3B}.Release|Any CPU.ActiveCfg = Release|Any CPU
		{14A66093-3BD0-4F8F-9F18-6372ACB4EB3B}.Release|Any CPU.Build.0 = Release|Any CPU
		{3091703C-DABC-40C6-AA86-3D35ABEF683B}.Debug|Any CPU.ActiveCfg = Debug|Any CPU
		{3091703C-DABC-40C6-AA86-3D35ABEF683B}.Debug|Any CPU.Build.0 = Debug|Any CPU
		{3091703C-DABC-40C6-AA86-3D35ABEF683B}.Release|Any CPU.ActiveCfg = Release|Any CPU
		{3091703C-DABC-40C6-AA86-3D35ABEF683B}.Release|Any CPU.Build.0 = Release|Any CPU
		{E4024727-7BEF-46B6-976C-AFF7000F67E5}.Debug|Any CPU.ActiveCfg = Debug|Any CPU
		{E4024727-7BEF-46B6-976C-AFF7000F67E5}.Debug|Any CPU.Build.0 = Debug|Any CPU
		{E4024727-7BEF-46B6-976C-AFF7000F67E5}.Release|Any CPU.ActiveCfg = Release|Any CPU
		{E4024727-7BEF-46B6-976C-AFF7000F67E5}.Release|Any CPU.Build.0 = Release|Any CPU
		{31BDDF25-765A-4A4A-AC89-41ACAEA2CDA0}.Debug|Any CPU.ActiveCfg = Debug|Any CPU
		{31BDDF25-765A-4A4A-AC89-41ACAEA2CDA0}.Debug|Any CPU.Build.0 = Debug|Any CPU
		{31BDDF25-765A-4A4A-AC89-41ACAEA2CDA0}.Release|Any CPU.ActiveCfg = Release|Any CPU
		{31BDDF25-765A-4A4A-AC89-41ACAEA2CDA0}.Release|Any CPU.Build.0 = Release|Any CPU
		{D55FC12E-D159-4760-9B1D-6765CDD7B11C}.Debug|Any CPU.ActiveCfg = Debug|Any CPU
		{D55FC12E-D159-4760-9B1D-6765CDD7B11C}.Debug|Any CPU.Build.0 = Debug|Any CPU
		{D55FC12E-D159-4760-9B1D-6765CDD7B11C}.Release|Any CPU.ActiveCfg = Release|Any CPU
		{D55FC12E-D159-4760-9B1D-6765CDD7B11C}.Release|Any CPU.Build.0 = Release|Any CPU
		{A609A26C-7A45-4B0F-9214-762EE1B53D27}.Debug|Any CPU.ActiveCfg = Debug|Any CPU
		{A609A26C-7A45-4B0F-9214-762EE1B53D27}.Debug|Any CPU.Build.0 = Debug|Any CPU
		{A609A26C-7A45-4B0F-9214-762EE1B53D27}.Release|Any CPU.ActiveCfg = Release|Any CPU
		{A609A26C-7A45-4B0F-9214-762EE1B53D27}.Release|Any CPU.Build.0 = Release|Any CPU
		{010BCF53-A294-4DF1-969C-22068D0E2337}.Debug|Any CPU.ActiveCfg = Debug|Any CPU
		{010BCF53-A294-4DF1-969C-22068D0E2337}.Debug|Any CPU.Build.0 = Debug|Any CPU
		{010BCF53-A294-4DF1-969C-22068D0E2337}.Release|Any CPU.ActiveCfg = Release|Any CPU
		{010BCF53-A294-4DF1-969C-22068D0E2337}.Release|Any CPU.Build.0 = Release|Any CPU
		{78638C27-3C0F-4662-88D4-8E6A052734F0}.Debug|Any CPU.ActiveCfg = Debug|Any CPU
		{78638C27-3C0F-4662-88D4-8E6A052734F0}.Debug|Any CPU.Build.0 = Debug|Any CPU
		{78638C27-3C0F-4662-88D4-8E6A052734F0}.Release|Any CPU.ActiveCfg = Release|Any CPU
		{78638C27-3C0F-4662-88D4-8E6A052734F0}.Release|Any CPU.Build.0 = Release|Any CPU
		{0D3723AE-3F94-4322-89A4-AA285FD7DA45}.Debug|Any CPU.ActiveCfg = Debug|Any CPU
		{0D3723AE-3F94-4322-89A4-AA285FD7DA45}.Debug|Any CPU.Build.0 = Debug|Any CPU
		{0D3723AE-3F94-4322-89A4-AA285FD7DA45}.Release|Any CPU.ActiveCfg = Release|Any CPU
		{0D3723AE-3F94-4322-89A4-AA285FD7DA45}.Release|Any CPU.Build.0 = Release|Any CPU
		{571E768A-6724-4C93-BEFC-9A0B68AA1D62}.Debug|Any CPU.ActiveCfg = Debug|Any CPU
		{571E768A-6724-4C93-BEFC-9A0B68AA1D62}.Debug|Any CPU.Build.0 = Debug|Any CPU
		{571E768A-6724-4C93-BEFC-9A0B68AA1D62}.Release|Any CPU.ActiveCfg = Release|Any CPU
		{571E768A-6724-4C93-BEFC-9A0B68AA1D62}.Release|Any CPU.Build.0 = Release|Any CPU
	EndGlobalSection
	GlobalSection(SolutionProperties) = preSolution
		HideSolutionNode = FALSE
	EndGlobalSection
EndGlobal
